{
  "name": "test",
  "version": "1.0.0",
  "lockfileVersion": 1,
  "requires": true,
  "dependencies": {
    "@babel/runtime-corejs3": {
      "version": "7.9.2",
      "resolved": "https://globaldevtools.bbva.com:443/artifactory/api/npm/npm-repo/@babel/runtime-corejs3/-/runtime-corejs3-7.9.2.tgz",
      "integrity": "sha1-Jv5Kp36fHs75t3ZVm7uOhNNChLc=",
      "requires": {
        "core-js-pure": "^3.0.0",
        "regenerator-runtime": "^0.13.4"
      }
    },
    "ansi-regex": {
      "version": "3.0.0",
      "resolved": "https://globaldevtools.bbva.com:443/artifactory/api/npm/npm-repo/ansi-regex/-/ansi-regex-3.0.0.tgz",
      "integrity": "sha1-7QMXwyIGT3lGbAKWa922Bas32Zg="
    },
    "any-promise": {
      "version": "1.3.0",
      "resolved": "https://globaldevtools.bbva.com:443/artifactory/api/npm/npm-repo/any-promise/-/any-promise-1.3.0.tgz",
      "integrity": "sha1-q8av7tzqUugJzcA3au0845Y10X8="
    },
    "array-events": {
      "version": "0.2.0",
      "resolved": "https://globaldevtools.bbva.com:443/artifactory/api/npm/npm-repo/array-events/-/array-events-0.2.0.tgz",
      "integrity": "sha1-/0KsU+ZvSF1viDI0wyJSvCKGEw4=",
      "requires": {
        "async-arrays": "*",
        "extended-emitter": "*"
      }
    },
    "assert-plus": {
      "version": "1.0.0",
      "resolved": "https://globaldevtools.bbva.com:443/artifactory/api/npm/npm-repo/assert-plus/-/assert-plus-1.0.0.tgz",
      "integrity": "sha1-8S4PPF13sLHN2RRpQuTpbB5N1SU="
    },
    "assertion-error": {
      "version": "1.1.0",
      "resolved": "https://globaldevtools.bbva.com:443/artifactory/api/npm/npm-repo/assertion-error/-/assertion-error-1.1.0.tgz",
      "integrity": "sha1-5gtrDo8wG9l+U3UhW9pAbIURjAs="
    },
    "assertion-error-formatter": {
      "version": "3.0.0",
      "resolved": "https://globaldevtools.bbva.com:443/artifactory/api/npm/npm-repo/assertion-error-formatter/-/assertion-error-formatter-3.0.0.tgz",
      "integrity": "sha1-vpyIJd7mqKbHIYPZFZEtm1fV0mU=",
      "requires": {
        "diff": "^4.0.1",
        "pad-right": "^0.2.2",
        "repeat-string": "^1.6.1"
      }
    },
    "async-arrays": {
      "version": "1.0.1",
      "resolved": "https://globaldevtools.bbva.com:443/artifactory/api/npm/npm-repo/async-arrays/-/async-arrays-1.0.1.tgz",
      "integrity": "sha1-NHrytw8qeldnotVnnMQrvxwiD9k=",
      "requires": {
        "sift": "*"
      }
    },
    "balanced-match": {
      "version": "1.0.0",
      "resolved": "https://globaldevtools.bbva.com:443/artifactory/api/npm/npm-repo/balanced-match/-/balanced-match-1.0.0.tgz",
      "integrity": "sha1-ibTRmasr7kneFk6gK4nORi1xt2c="
    },
    "becke-ch--regex--s0-0-v1--base--pl--lib": {
      "version": "1.4.0",
      "resolved": "https://globaldevtools.bbva.com:443/artifactory/api/npm/npm-repo/becke-ch--regex--s0-0-v1--base--pl--lib/-/becke-ch--regex--s0-0-v1--base--pl--lib-1.4.0.tgz",
      "integrity": "sha1-Qpzuu/pffpNueNc/vcfacWKyDiA="
    },
    "bit-mask": {
      "version": "1.0.2",
      "resolved": "https://globaldevtools.bbva.com:443/artifactory/api/npm/npm-repo/bit-mask/-/bit-mask-1.0.2.tgz",
      "integrity": "sha1-QvcINiEZYR1iI81TICx5Qov3C4E=",
      "requires": {
        "array-events": "^0.2.0"
      }
    },
    "bluebird": {
      "version": "3.7.2",
      "resolved": "https://globaldevtools.bbva.com:443/artifactory/api/npm/npm-repo/bluebird/-/bluebird-3.7.2.tgz",
      "integrity": "sha1-nyKcFb4nJFT/qXOs4NvueaGww28="
    },
    "brace-expansion": {
      "version": "1.1.11",
      "resolved": "https://globaldevtools.bbva.com:443/artifactory/api/npm/npm-repo/brace-expansion/-/brace-expansion-1.1.11.tgz",
      "integrity": "sha1-PH/L9SnYcibz0vUrlm/1Jx60Qd0=",
      "requires": {
        "balanced-match": "^1.0.0",
        "concat-map": "0.0.1"
      }
    },
    "call-me-maybe": {
      "version": "1.0.1",
      "resolved": "https://globaldevtools.bbva.com:443/artifactory/api/npm/npm-repo/call-me-maybe/-/call-me-maybe-1.0.1.tgz",
      "integrity": "sha1-JtII6onje1y95gJQoV8DHBak1ms="
    },
    "chai": {
      "version": "4.2.0",
      "resolved": "https://globaldevtools.bbva.com:443/artifactory/api/npm/npm-repo/chai/-/chai-4.2.0.tgz",
      "integrity": "sha1-dgqnLPION5XoSxKHfODoNzeqKeU=",
      "requires": {
        "assertion-error": "^1.1.0",
        "check-error": "^1.0.2",
        "deep-eql": "^3.0.1",
        "get-func-name": "^2.0.0",
        "pathval": "^1.1.0",
        "type-detect": "^4.0.5"
      }
    },
    "chai-fs": {
      "version": "2.0.0",
      "resolved": "https://globaldevtools.bbva.com:443/artifactory/api/npm/npm-repo/chai-fs/-/chai-fs-2.0.0.tgz",
      "integrity": "sha1-Na4Dn7uwcQ9RIqrhf6uh6PQRB8Y=",
      "requires": {
        "bit-mask": "^1.0.1",
        "readdir-enhanced": "^1.4.0"
      }
    },
    "check-error": {
      "version": "1.0.2",
      "resolved": "https://globaldevtools.bbva.com:443/artifactory/api/npm/npm-repo/check-error/-/check-error-1.0.2.tgz",
      "integrity": "sha1-V00xLt2Iu13YkS6Sht1sCu1KrII="
    },
    "cli-table3": {
      "version": "0.5.1",
      "resolved": "https://globaldevtools.bbva.com:443/artifactory/api/npm/npm-repo/cli-table3/-/cli-table3-0.5.1.tgz",
      "integrity": "sha1-AlI3LZTfxA29jfBgBfSPMfZW8gI=",
      "requires": {
        "colors": "^1.1.2",
        "object-assign": "^4.1.0",
        "string-width": "^2.1.1"
      }
    },
    "colors": {
      "version": "1.4.0",
      "resolved": "https://globaldevtools.bbva.com:443/artifactory/api/npm/npm-repo/colors/-/colors-1.4.0.tgz",
      "integrity": "sha1-xQSRR51MG9rtLJztMs98fcI2D3g="
    },
    "commander": {
      "version": "3.0.2",
      "resolved": "https://globaldevtools.bbva.com:443/artifactory/api/npm/npm-repo/commander/-/commander-3.0.2.tgz",
      "integrity": "sha1-aDfD+2d62ZM9HPukLdFNURfWs54="
    },
    "concat-map": {
      "version": "0.0.1",
      "resolved": "https://globaldevtools.bbva.com:443/artifactory/api/npm/npm-repo/concat-map/-/concat-map-0.0.1.tgz",
      "integrity": "sha1-2Klr13/Wjfd5OnMDajug1UBdR3s="
    },
    "core-js-pure": {
      "version": "3.6.4",
      "resolved": "https://globaldevtools.bbva.com:443/artifactory/api/npm/npm-repo/core-js-pure/-/core-js-pure-3.6.4.tgz",
      "integrity": "sha1-S/G6hm4lgU8UnU6aqgjDYXNQbjo="
    },
    "core-util-is": {
      "version": "1.0.2",
      "resolved": "https://globaldevtools.bbva.com:443/artifactory/api/npm/npm-repo/core-util-is/-/core-util-is-1.0.2.tgz",
      "integrity": "sha1-tf1UIgqivFq1eqtxQMlAdUUDwac="
    },
    "cucumber": {
      "version": "6.0.5",
      "resolved": "https://globaldevtools.bbva.com:443/artifactory/api/npm/npm-repo/cucumber/-/cucumber-6.0.5.tgz",
      "integrity": "sha1-zcdSrRi1Ubz3vJJ3TJJTAvRAhxQ=",
      "requires": {
        "assertion-error-formatter": "^3.0.0",
        "bluebird": "^3.4.1",
        "cli-table3": "^0.5.1",
        "colors": "^1.1.2",
        "commander": "^3.0.1",
        "cucumber-expressions": "^8.1.0",
        "cucumber-tag-expressions": "^2.0.2",
        "duration": "^0.2.1",
        "escape-string-regexp": "^2.0.0",
        "figures": "^3.0.0",
        "gherkin": "5.0.0",
        "glob": "^7.1.3",
        "indent-string": "^4.0.0",
        "is-generator": "^1.0.2",
        "is-stream": "^2.0.0",
        "knuth-shuffle-seeded": "^1.0.6",
        "lodash": "^4.17.14",
        "mz": "^2.4.0",
        "progress": "^2.0.0",
        "resolve": "^1.3.3",
        "serialize-error": "^4.1.0",
        "stack-chain": "^2.0.0",
        "stacktrace-js": "^2.0.0",
        "string-argv": "^0.3.0",
        "title-case": "^2.1.1",
        "util-arity": "^1.0.2",
        "verror": "^1.9.0"
      }
    },
    "cucumber-expressions": {
      "version": "8.3.0",
      "resolved": "https://globaldevtools.bbva.com:443/artifactory/api/npm/npm-repo/cucumber-expressions/-/cucumber-expressions-8.3.0.tgz",
      "integrity": "sha1-Z/SDB9yPU1QMfzUwrXt0SqkY3Vw=",
      "requires": {
        "becke-ch--regex--s0-0-v1--base--pl--lib": "^1.4.0",
        "xregexp": "^4.2.4"
      }
    },
    "cucumber-pretty": {
      "version": "6.0.0",
      "resolved": "https://globaldevtools.bbva.com:443/artifactory/api/npm/npm-repo/cucumber-pretty/-/cucumber-pretty-6.0.0.tgz",
      "integrity": "sha1-EzHerpZjAg9oNdYMCqOoRje6qk0=",
      "requires": {
        "cli-table3": "^0.5.1",
        "colors": "^1.4.0",
        "figures": "^3.0.0"
      }
    },
    "cucumber-tag-expressions": {
      "version": "2.0.3",
      "resolved": "https://globaldevtools.bbva.com:443/artifactory/api/npm/npm-repo/cucumber-tag-expressions/-/cucumber-tag-expressions-2.0.3.tgz",
      "integrity": "sha1-VSXWD77LP6JwcFGs4nAE4FEucA4="
    },
    "d": {
      "version": "1.0.1",
      "resolved": "https://globaldevtools.bbva.com:443/artifactory/api/npm/npm-repo/d/-/d-1.0.1.tgz",
      "integrity": "sha1-hpgJU3LVjb7jRv/Qxwk/mfj561o=",
      "requires": {
        "es5-ext": "^0.10.50",
        "type": "^1.0.1"
      }
    },
    "deep-eql": {
      "version": "3.0.1",
      "resolved": "https://globaldevtools.bbva.com:443/artifactory/api/npm/npm-repo/deep-eql/-/deep-eql-3.0.1.tgz",
      "integrity": "sha1-38lARACtHI/gI+faHfHBR8S0RN8=",
      "requires": {
        "type-detect": "^4.0.0"
      }
    },
    "diff": {
      "version": "4.0.2",
      "resolved": "https://globaldevtools.bbva.com:443/artifactory/api/npm/npm-repo/diff/-/diff-4.0.2.tgz",
      "integrity": "sha1-YPOuy4nV+uUgwRqhnvwruYKq3n0="
    },
    "duration": {
      "version": "0.2.2",
      "resolved": "https://globaldevtools.bbva.com:443/artifactory/api/npm/npm-repo/duration/-/duration-0.2.2.tgz",
      "integrity": "sha1-3fFJvDvGkBFQ/pAXER0BazNX9Sk=",
      "requires": {
        "d": "1",
        "es5-ext": "~0.10.46"
      }
    },
    "error-stack-parser": {
      "version": "2.0.6",
      "resolved": "https://globaldevtools.bbva.com:443/artifactory/api/npm/npm-repo/error-stack-parser/-/error-stack-parser-2.0.6.tgz",
      "integrity": "sha1-WpmnB716TFinl5AtSNgoA+3mqtg=",
      "requires": {
        "stackframe": "^1.1.1"
      }
    },
    "es5-ext": {
      "version": "0.10.53",
      "resolved": "https://globaldevtools.bbva.com:443/artifactory/api/npm/npm-repo/es5-ext/-/es5-ext-0.10.53.tgz",
      "integrity": "sha1-k8WjrP2+8nUiCtcmRK0C7hg2jeE=",
      "requires": {
        "es6-iterator": "~2.0.3",
        "es6-symbol": "~3.1.3",
        "next-tick": "~1.0.0"
      }
    },
    "es6-iterator": {
      "version": "2.0.3",
      "resolved": "https://globaldevtools.bbva.com:443/artifactory/api/npm/npm-repo/es6-iterator/-/es6-iterator-2.0.3.tgz",
      "integrity": "sha1-p96IkUGgWpSwhUQDstCg+/qY87c=",
      "requires": {
        "d": "1",
        "es5-ext": "^0.10.35",
        "es6-symbol": "^3.1.1"
      }
    },
    "es6-promise": {
      "version": "4.2.8",
      "resolved": "https://globaldevtools.bbva.com:443/artifactory/api/npm/npm-repo/es6-promise/-/es6-promise-4.2.8.tgz",
      "integrity": "sha1-TrIVlMlyvEBVPSduUQU5FD21Pgo="
    },
    "es6-symbol": {
      "version": "3.1.3",
      "resolved": "https://globaldevtools.bbva.com:443/artifactory/api/npm/npm-repo/es6-symbol/-/es6-symbol-3.1.3.tgz",
      "integrity": "sha1-utXTwbzawoJp9MszHkMceKxwXRg=",
      "requires": {
        "d": "^1.0.1",
        "ext": "^1.1.2"
      }
    },
    "escape-string-regexp": {
      "version": "2.0.0",
      "resolved": "https://globaldevtools.bbva.com:443/artifactory/api/npm/npm-repo/escape-string-regexp/-/escape-string-regexp-2.0.0.tgz",
      "integrity": "sha1-owME6Z2qMuI7L9IPUbq9B8/8o0Q="
    },
    "ext": {
      "version": "1.4.0",
      "resolved": "https://globaldevtools.bbva.com:443/artifactory/api/npm/npm-repo/ext/-/ext-1.4.0.tgz",
      "integrity": "sha1-ia56BxWPedNVF4gpBDJAd+Q3kkQ=",
      "requires": {
        "type": "^2.0.0"
      },
      "dependencies": {
        "type": {
          "version": "2.0.0",
          "resolved": "https://globaldevtools.bbva.com:443/artifactory/api/npm/npm-repo/type/-/type-2.0.0.tgz",
          "integrity": "sha1-Xxb/bvLrRPJgSU2uJxAzspwJqcM="
        }
      }
    },
    "extended-emitter": {
      "version": "1.0.3",
      "resolved": "https://globaldevtools.bbva.com:443/artifactory/api/npm/npm-repo/extended-emitter/-/extended-emitter-1.0.3.tgz",
      "integrity": "sha1-6hAUiCqc0p8uEcx4GxtW+hDVq2Q=",
      "requires": {
        "sift": "*",
        "wolfy87-eventemitter": "*"
      }
    },
    "extsprintf": {
      "version": "1.4.0",
      "resolved": "https://globaldevtools.bbva.com:443/artifactory/api/npm/npm-repo/extsprintf/-/extsprintf-1.4.0.tgz",
      "integrity": "sha1-4mifjzVvrWLMplo6kcXfX5VRaS8="
    },
    "figures": {
      "version": "3.2.0",
      "resolved": "https://globaldevtools.bbva.com:443/artifactory/api/npm/npm-repo/figures/-/figures-3.2.0.tgz",
      "integrity": "sha1-YlwYvSk8YE3EqN2y/r8MiDQXRq8=",
      "requires": {
        "escape-string-regexp": "^1.0.5"
      },
      "dependencies": {
        "escape-string-regexp": {
          "version": "1.0.5",
          "resolved": "https://globaldevtools.bbva.com:443/artifactory/api/npm/npm-repo/escape-string-regexp/-/escape-string-regexp-1.0.5.tgz",
          "integrity": "sha1-G2HAViGQqN/2rjuyzwIAyhMLhtQ="
        }
      }
    },
    "fs.realpath": {
      "version": "1.0.0",
      "resolved": "https://globaldevtools.bbva.com:443/artifactory/api/npm/npm-repo/fs.realpath/-/fs.realpath-1.0.0.tgz",
      "integrity": "sha1-FQStJSMVjKpA20onh8sBQRmU6k8="
    },
    "get-func-name": {
      "version": "2.0.0",
      "resolved": "https://globaldevtools.bbva.com:443/artifactory/api/npm/npm-repo/get-func-name/-/get-func-name-2.0.0.tgz",
      "integrity": "sha1-6td0q+5y4gQJQzoGY2YCPdaIekE="
    },
    "gherkin": {
      "version": "5.0.0",
      "resolved": "https://globaldevtools.bbva.com:443/artifactory/api/npm/npm-repo/gherkin/-/gherkin-5.0.0.tgz",
      "integrity": "sha1-lt70EZjsOQgli1Ea909lWidk0qE="
    },
    "glob": {
      "version": "7.1.6",
      "resolved": "https://globaldevtools.bbva.com:443/artifactory/api/npm/npm-repo/glob/-/glob-7.1.6.tgz",
      "integrity": "sha1-FB8zuBp8JJLhJVlDB0gMRmeSeKY=",
      "requires": {
        "fs.realpath": "^1.0.0",
        "inflight": "^1.0.4",
        "inherits": "2",
        "minimatch": "^3.0.4",
        "once": "^1.3.0",
        "path-is-absolute": "^1.0.0"
      }
    },
    "glob-to-regexp": {
      "version": "0.3.0",
      "resolved": "https://globaldevtools.bbva.com:443/artifactory/api/npm/npm-repo/glob-to-regexp/-/glob-to-regexp-0.3.0.tgz",
      "integrity": "sha1-jFoUlNIGbFcMw7/kSWF1rMTVAqs="
    },
    "indent-string": {
      "version": "4.0.0",
      "resolved": "https://globaldevtools.bbva.com:443/artifactory/api/npm/npm-repo/indent-string/-/indent-string-4.0.0.tgz",
      "integrity": "sha1-Yk+PRJfWGbLZdoUx1Y9BIoVNclE="
    },
    "inflight": {
      "version": "1.0.6",
      "resolved": "https://globaldevtools.bbva.com:443/artifactory/api/npm/npm-repo/inflight/-/inflight-1.0.6.tgz",
      "integrity": "sha1-Sb1jMdfQLQwJvJEKEHW6gWW1bfk=",
      "requires": {
        "once": "^1.3.0",
        "wrappy": "1"
      }
    },
    "inherits": {
      "version": "2.0.4",
      "resolved": "https://globaldevtools.bbva.com:443/artifactory/api/npm/npm-repo/inherits/-/inherits-2.0.4.tgz",
      "integrity": "sha1-D6LGT5MpF8NDOg3tVTY6rjdBa3w="
    },
    "is-fullwidth-code-point": {
      "version": "2.0.0",
      "resolved": "https://globaldevtools.bbva.com:443/artifactory/api/npm/npm-repo/is-fullwidth-code-point/-/is-fullwidth-code-point-2.0.0.tgz",
      "integrity": "sha1-o7MKXE8ZkYMWeqq5O+764937ZU8="
    },
    "is-generator": {
      "version": "1.0.3",
      "resolved": "https://globaldevtools.bbva.com:443/artifactory/api/npm/npm-repo/is-generator/-/is-generator-1.0.3.tgz",
      "integrity": "sha1-wUwhBX7TbjKNuANHlmxpP4hjifM="
    },
    "is-stream": {
      "version": "2.0.0",
      "resolved": "https://globaldevtools.bbva.com:443/artifactory/api/npm/npm-repo/is-stream/-/is-stream-2.0.0.tgz",
      "integrity": "sha1-venDJoDW+uBBKdasnZIc54FfeOM="
    },
    "knuth-shuffle-seeded": {
      "version": "1.0.6",
      "resolved": "https://globaldevtools.bbva.com:443/artifactory/api/npm/npm-repo/knuth-shuffle-seeded/-/knuth-shuffle-seeded-1.0.6.tgz",
      "integrity": "sha1-AfG2VzOqdUDuCNiwF0Fk0iCB5OE=",
      "requires": {
        "seed-random": "~2.2.0"
      }
    },
    "lodash": {
      "version": "4.17.15",
      "resolved": "https://globaldevtools.bbva.com:443/artifactory/api/npm/npm-repo/lodash/-/lodash-4.17.15.tgz",
      "integrity": "sha1-tEf2ZwoEVbv+7dETku/zMOoJdUg="
    },
    "lower-case": {
      "version": "1.1.4",
      "resolved": "https://globaldevtools.bbva.com:443/artifactory/api/npm/npm-repo/lower-case/-/lower-case-1.1.4.tgz",
      "integrity": "sha1-miyr0bno4K6ZOkv31YdcOcQujqw="
    },
    "minimatch": {
      "version": "3.0.4",
      "resolved": "https://globaldevtools.bbva.com:443/artifactory/api/npm/npm-repo/minimatch/-/minimatch-3.0.4.tgz",
      "integrity": "sha1-UWbihkV/AzBgZL5Ul+jbsMPTIIM=",
      "requires": {
        "brace-expansion": "^1.1.7"
      }
    },
    "mz": {
      "version": "2.7.0",
      "resolved": "https://globaldevtools.bbva.com:443/artifactory/api/npm/npm-repo/mz/-/mz-2.7.0.tgz",
      "integrity": "sha1-lQCAV6Vsr63CvGPd5/n/aVWUjjI=",
      "requires": {
        "any-promise": "^1.0.0",
        "object-assign": "^4.0.1",
        "thenify-all": "^1.0.0"
      }
    },
    "next-tick": {
      "version": "1.0.0",
      "resolved": "https://globaldevtools.bbva.com:443/artifactory/api/npm/npm-repo/next-tick/-/next-tick-1.0.0.tgz",
      "integrity": "sha1-yobR/ogoFpsBICCOPchCS524NCw="
    },
    "no-case": {
      "version": "2.3.2",
      "resolved": "https://globaldevtools.bbva.com:443/artifactory/api/npm/npm-repo/no-case/-/no-case-2.3.2.tgz",
      "integrity": "sha1-YLgTOWvjmz8SiKTB7V0efSi0ZKw=",
      "requires": {
        "lower-case": "^1.1.1"
      }
    },
    "object-assign": {
      "version": "4.1.1",
      "resolved": "https://globaldevtools.bbva.com:443/artifactory/api/npm/npm-repo/object-assign/-/object-assign-4.1.1.tgz",
      "integrity": "sha1-IQmtx5ZYh8/AXLvUQsrIv7s2CGM="
    },
    "once": {
      "version": "1.4.0",
      "resolved": "https://globaldevtools.bbva.com:443/artifactory/api/npm/npm-repo/once/-/once-1.4.0.tgz",
      "integrity": "sha1-WDsap3WWHUsROsF9nFC6753Xa9E=",
      "requires": {
        "wrappy": "1"
      }
    },
    "pad-right": {
      "version": "0.2.2",
      "resolved": "https://globaldevtools.bbva.com:443/artifactory/api/npm/npm-repo/pad-right/-/pad-right-0.2.2.tgz",
      "integrity": "sha1-b7ySQEXSRPKiokRQMGDTv8YAl3Q=",
      "requires": {
        "repeat-string": "^1.5.2"
      }
    },
    "path-is-absolute": {
      "version": "1.0.1",
      "resolved": "https://globaldevtools.bbva.com:443/artifactory/api/npm/npm-repo/path-is-absolute/-/path-is-absolute-1.0.1.tgz",
      "integrity": "sha1-F0uSaHNVNP+8es5r9TpanhtcX18="
    },
    "path-parse": {
      "version": "1.0.6",
      "resolved": "https://globaldevtools.bbva.com:443/artifactory/api/npm/npm-repo/path-parse/-/path-parse-1.0.6.tgz",
      "integrity": "sha1-1i27VnlAXXLEc37FhgDp3c8G0kw="
    },
    "pathval": {
      "version": "1.1.0",
      "resolved": "https://globaldevtools.bbva.com:443/artifactory/api/npm/npm-repo/pathval/-/pathval-1.1.0.tgz",
      "integrity": "sha1-uULm1L3mUwBe9rcTYd74cn0GReA="
    },
    "progress": {
      "version": "2.0.3",
      "resolved": "https://globaldevtools.bbva.com:443/artifactory/api/npm/npm-repo/progress/-/progress-2.0.3.tgz",
      "integrity": "sha1-foz42PW48jnBvGi+tOt4Vn1XLvg="
    },
    "readdir-enhanced": {
      "version": "1.5.2",
      "resolved": "https://globaldevtools.bbva.com:443/artifactory/api/npm/npm-repo/readdir-enhanced/-/readdir-enhanced-1.5.2.tgz",
      "integrity": "sha1-YUYwSGkKxqRVt1ti+nioj43IXlM=",
      "requires": {
        "call-me-maybe": "^1.0.1",
        "es6-promise": "^4.1.0",
        "glob-to-regexp": "^0.3.0"
      }
    },
    "regenerator-runtime": {
      "version": "0.13.5",
      "resolved": "https://globaldevtools.bbva.com:443/artifactory/api/npm/npm-repo/regenerator-runtime/-/regenerator-runtime-0.13.5.tgz",
      "integrity": "sha1-2Hih0JS0MG0QuQlkhLM+vVXiZpc="
    },
    "repeat-string": {
      "version": "1.6.1",
      "resolved": "https://globaldevtools.bbva.com:443/artifactory/api/npm/npm-repo/repeat-string/-/repeat-string-1.6.1.tgz",
      "integrity": "sha1-jcrkcOHIirwtYA//Sndihtp15jc="
    },
    "resolve": {
      "version": "1.15.1",
      "resolved": "https://globaldevtools.bbva.com:443/artifactory/api/npm/npm-repo/resolve/-/resolve-1.15.1.tgz",
      "integrity": "sha1-J73N7/6vLWJEuVuw+fS0ZTRR8+g=",
      "requires": {
        "path-parse": "^1.0.6"
      }
    },
    "rimraf": {
      "version": "2.7.1",
      "resolved": "https://globaldevtools.bbva.com:443/artifactory/api/npm/npm-repo/rimraf/-/rimraf-2.7.1.tgz",
      "integrity": "sha1-NXl/E6f9rcVmFCwp1PB8ytSD4+w=",
      "requires": {
        "glob": "^7.1.3"
      }
    },
    "seed-random": {
      "version": "2.2.0",
      "resolved": "https://globaldevtools.bbva.com:443/artifactory/api/npm/npm-repo/seed-random/-/seed-random-2.2.0.tgz",
      "integrity": "sha1-KpsZ4lCoFwmSMaW5mk2vgLf77VQ="
    },
    "serialize-error": {
      "version": "4.1.0",
      "resolved": "https://globaldevtools.bbva.com:443/artifactory/api/npm/npm-repo/serialize-error/-/serialize-error-4.1.0.tgz",
      "integrity": "sha1-Y+HjPt4gvNidnwUo6kwV+/Dyt4o=",
      "requires": {
        "type-fest": "^0.3.0"
      }
    },
    "sift": {
      "version": "12.0.0",
      "resolved": "https://globaldevtools.bbva.com:443/artifactory/api/npm/npm-repo/sift/-/sift-12.0.0.tgz",
      "integrity": "sha1-dE1GxS5gQw64DaIn+PmDuUb67ts="
    },
    "source-map": {
      "version": "0.5.6",
      "resolved": "https://globaldevtools.bbva.com:443/artifactory/api/npm/npm-repo/source-map/-/source-map-0.5.6.tgz",
      "integrity": "sha1-dc449SvwczxafwwRjYEzSiu19BI="
    },
    "stack-chain": {
      "version": "2.0.0",
      "resolved": "https://globaldevtools.bbva.com:443/artifactory/api/npm/npm-repo/stack-chain/-/stack-chain-2.0.0.tgz",
      "integrity": "sha1-1z0Rcq+JVl8HQ4tbzAhoMbZomy0="
    },
    "stack-generator": {
      "version": "2.0.5",
      "resolved": "https://globaldevtools.bbva.com:443/artifactory/api/npm/npm-repo/stack-generator/-/stack-generator-2.0.5.tgz",
      "integrity": "sha1-+wDltO6X3mA+B3PqeM6UTYFZbDY=",
      "requires": {
        "stackframe": "^1.1.1"
      }
    },
    "stackframe": {
      "version": "1.1.1",
      "resolved": "https://globaldevtools.bbva.com:443/artifactory/api/npm/npm-repo/stackframe/-/stackframe-1.1.1.tgz",
      "integrity": "sha1-/+8KMxixtgw7WFZJiaylZgcp7HE="
    },
    "stacktrace-gps": {
      "version": "3.0.4",
      "resolved": "https://globaldevtools.bbva.com:443/artifactory/api/npm/npm-repo/stacktrace-gps/-/stacktrace-gps-3.0.4.tgz",
      "integrity": "sha1-dojcL8Cf+zoTFl6+DbyvQbzwxpo=",
      "requires": {
        "source-map": "0.5.6",
        "stackframe": "^1.1.1"
      }
    },
    "stacktrace-js": {
      "version": "2.0.2",
      "resolved": "https://globaldevtools.bbva.com:443/artifactory/api/npm/npm-repo/stacktrace-js/-/stacktrace-js-2.0.2.tgz",
      "integrity": "sha1-TKk+qfSUdS1VcJoIHUAP2uvuiXs=",
      "requires": {
        "error-stack-parser": "^2.0.6",
        "stack-generator": "^2.0.5",
        "stacktrace-gps": "^3.0.4"
      }
    },
    "string-argv": {
      "version": "0.3.1",
      "resolved": "https://globaldevtools.bbva.com:443/artifactory/api/npm/npm-repo/string-argv/-/string-argv-0.3.1.tgz",
      "integrity": "sha1-leL77AQnrhkYSTX4FtdKqkxcGdo="
    },
    "string-width": {
      "version": "2.1.1",
      "resolved": "https://globaldevtools.bbva.com:443/artifactory/api/npm/npm-repo/string-width/-/string-width-2.1.1.tgz",
      "integrity": "sha1-q5Pyeo3BPSjKyBXEYhQ6bZASrp4=",
      "requires": {
        "is-fullwidth-code-point": "^2.0.0",
        "strip-ansi": "^4.0.0"
      }
    },
    "strip-ansi": {
      "version": "4.0.0",
      "resolved": "https://globaldevtools.bbva.com:443/artifactory/api/npm/npm-repo/strip-ansi/-/strip-ansi-4.0.0.tgz",
      "integrity": "sha1-qEeQIusaw2iocTibY1JixQXuNo8=",
      "requires": {
        "ansi-regex": "^3.0.0"
      }
    },
    "thenify": {
      "version": "3.3.0",
      "resolved": "https://globaldevtools.bbva.com:443/artifactory/api/npm/npm-repo/thenify/-/thenify-3.3.0.tgz",
      "integrity": "sha1-5p44obq+lpsBCCB5eLn2K4hgSDk=",
      "requires": {
        "any-promise": "^1.0.0"
      }
    },
    "thenify-all": {
      "version": "1.6.0",
      "resolved": "https://globaldevtools.bbva.com:443/artifactory/api/npm/npm-repo/thenify-all/-/thenify-all-1.6.0.tgz",
      "integrity": "sha1-GhkY1ALY/D+Y+/I02wvMjMEOlyY=",
      "requires": {
        "thenify": ">= 3.1.0 < 4"
      }
    },
    "title-case": {
      "version": "2.1.1",
      "resolved": "https://globaldevtools.bbva.com:443/artifactory/api/npm/npm-repo/title-case/-/title-case-2.1.1.tgz",
      "integrity": "sha1-PhJyFtpY0rxb7PE3q5Ha46fNj6o=",
      "requires": {
        "no-case": "^2.2.0",
        "upper-case": "^1.0.3"
      }
    },
    "tmp": {
      "version": "0.1.0",
      "resolved": "https://globaldevtools.bbva.com:443/artifactory/api/npm/npm-repo/tmp/-/tmp-0.1.0.tgz",
      "integrity": "sha1-7kNKTiJUMILilLpiAdzG6v76KHc=",
      "requires": {
        "rimraf": "^2.6.3"
      }
    },
    "type": {
      "version": "1.2.0",
      "resolved": "https://globaldevtools.bbva.com:443/artifactory/api/npm/npm-repo/type/-/type-1.2.0.tgz",
      "integrity": "sha1-hI3XaY2vo+VKbEeedZxLw/GIR6A="
    },
    "type-detect": {
      "version": "4.0.8",
      "resolved": "https://globaldevtools.bbva.com:443/artifactory/api/npm/npm-repo/type-detect/-/type-detect-4.0.8.tgz",
      "integrity": "sha1-dkb7XxiHHPu3dJ5pvTmmOI63RQw="
    },
    "type-fest": {
      "version": "0.3.1",
      "resolved": "https://globaldevtools.bbva.com:443/artifactory/api/npm/npm-repo/type-fest/-/type-fest-0.3.1.tgz",
      "integrity": "sha1-Y9ANIE4FlHT+Xht8ARESu9HcKeE="
    },
    "upper-case": {
      "version": "1.1.3",
      "resolved": "https://globaldevtools.bbva.com:443/artifactory/api/npm/npm-repo/upper-case/-/upper-case-1.1.3.tgz",
      "integrity": "sha1-9rRQHC7EzdJrp4vnIilh3ndiFZg="
    },
    "util-arity": {
      "version": "1.1.0",
      "resolved": "https://globaldevtools.bbva.com:443/artifactory/api/npm/npm-repo/util-arity/-/util-arity-1.1.0.tgz",
      "integrity": "sha1-WdAa8f2z/t4KxOYysKtfbOl8kzA="
    },
    "verror": {
      "version": "1.10.0",
      "resolved": "https://globaldevtools.bbva.com:443/artifactory/api/npm/npm-repo/verror/-/verror-1.10.0.tgz",
      "integrity": "sha1-OhBcoXBTr1XW4nDB+CiGguGNpAA=",
      "requires": {
        "assert-plus": "^1.0.0",
        "core-util-is": "1.0.2",
        "extsprintf": "^1.2.0"
      }
    },
    "wolfy87-eventemitter": {
      "version": "5.2.9",
      "resolved": "https://globaldevtools.bbva.com:443/artifactory/api/npm/npm-repo/wolfy87-eventemitter/-/wolfy87-eventemitter-5.2.9.tgz",
      "integrity": "sha1-6Hn3cLMPu2USqK+7Mww4hZEJnCo="
    },
    "wrappy": {
      "version": "1.0.2",
      "resolved": "https://globaldevtools.bbva.com:443/artifactory/api/npm/npm-repo/wrappy/-/wrappy-1.0.2.tgz",
      "integrity": "sha1-tSQ9jz7BqjXxNkYFvA0QNuMKtp8="
    },
    "xregexp": {
      "version": "4.3.0",
      "resolved": "https://globaldevtools.bbva.com:443/artifactory/api/npm/npm-repo/xregexp/-/xregexp-4.3.0.tgz",
      "integrity": "sha1-fpLnPZF0qZpZdD9npM6HmgS1rlA=",
      "requires": {
        "@babel/runtime-corejs3": "^7.8.3"
      }
    }
  }
}
